
Microsoft Visual Studio Solution File, Format Version 12.00
# Visual Studio Version 17
VisualStudioVersion = 17.5.33627.172
MinimumVisualStudioVersion = 10.0.40219.1
Project("{54A90642-561A-4BB1-A94E-469ADEE60C69}") = "anecdotes", "anecdotes.esproj", "{13F31719-7CF7-41B3-991A-5407BEE3ABF5}"
EndProject
Global
	GlobalSection(SolutionConfigurationPlatforms) = preSolution
		Debug|Any CPU = Debug|Any CPU
		Release|Any CPU = Release|Any CPU
	EndGlobalSection
	GlobalSection(ProjectConfigurationPlatforms) = postSolution
		{13F31719-7CF7-41B3-991A-5407BEE3ABF5}.Debug|Any CPU.ActiveCfg = Debug|Any CPU
		{13F31719-7CF7-41B3-991A-5407BEE3ABF5}.Debug|Any CPU.Build.0 = Debug|Any CPU
		{13F31719-7CF7-41B3-991A-5407BEE3ABF5}.Debug|Any CPU.Deploy.0 = Debug|Any CPU
		{13F31719-7CF7-41B3-991A-5407BEE3ABF5}.Release|Any CPU.ActiveCfg = Release|Any CPU
		{13F31719-7CF7-41B3-991A-5407BEE3ABF5}.Release|Any CPU.Build.0 = Release|Any CPU
		{13F31719-7CF7-41B3-991A-5407BEE3ABF5}.Release|Any CPU.Deploy.0 = Release|Any CPU
	EndGlobalSection
	GlobalSection(SolutionProperties) = preSolution
		HideSolutionNode = FALSE
	EndGlobalSection
	GlobalSection(ExtensibilityGlobals) = postSolution
		SolutionGuid = {402B86EE-25F7-498F-8C2E-69A9E1BFF2A2}
	EndGlobalSection
EndGlobal
